Microsoft Visual Studio Solution File, Format Version 12.00
# Visual Studio Version 17
VisualStudioVersion = 17.5.2.0
MinimumVisualStudioVersion = 10.0.40219.1
Project("{FAE04EC0-301F-11D3-BF4B-00C04F79EFBC}") = "Client", "Client\Client.csproj", "{CA39C0A9-AE4C-4C8B-B2F9-282F62332731}"
EndProject
Project("{FAE04EC0-301F-11D3-BF4B-00C04F79EFBC}") = "Server", "Server\Server.csproj", "{B44571C4-EB98-4967-834C-ABD110CEF2F7}"
EndProject
Project("{FAE04EC0-301F-11D3-BF4B-00C04F79EFBC}") = "TutorialOllama", "TutorialOllama\TutorialOllama.csproj", "{7F257D12-B35F-4C2D-81EE-FE77C221B3B5}"
EndProject
Global
	GlobalSection(SolutionConfigurationPlatforms) = preSolution
		Debug|Any CPU = Debug|Any CPU
		Release|Any CPU = Release|Any CPU
	EndGlobalSection
	GlobalSection(ProjectConfigurationPlatforms) = postSolution
		{CA39C0A9-AE4C-4C8B-B2F9-282F62332731}.Debug|Any CPU.ActiveCfg = Debug|Any CPU
		{CA39C0A9-AE4C-4C8B-B2F9-282F62332731}.Debug|Any CPU.Build.0 = Debug|Any CPU
		{CA39C0A9-AE4C-4C8B-B2F9-282F62332731}.Release|Any CPU.ActiveCfg = Release|Any CPU
		{CA39C0A9-AE4C-4C8B-B2F9-282F62332731}.Release|Any CPU.Build.0 = Release|Any CPU
		{B44571C4-EB98-4967-834C-ABD110CEF2F7}.Debug|Any CPU.ActiveCfg = Debug|Any CPU
		{B44571C4-EB98-4967-834C-ABD110CEF2F7}.Debug|Any CPU.Build.0 = Debug|Any CPU
		{B44571C4-EB98-4967-834C-ABD110CEF2F7}.Release|Any CPU.ActiveCfg = Release|Any CPU
		{B44571C4-EB98-4967-834C-ABD110CEF2F7}.Release|Any CPU.Build.0 = Release|Any CPU
		{7F257D12-B35F-4C2D-81EE-FE77C221B3B5}.Debug|Any CPU.ActiveCfg = Debug|Any CPU
		{7F257D12-B35F-4C2D-81EE-FE77C221B3B5}.Debug|Any CPU.Build.0 = Debug|Any CPU
		{7F257D12-B35F-4C2D-81EE-FE77C221B3B5}.Release|Any CPU.ActiveCfg = Release|Any CPU
		{7F257D12-B35F-4C2D-81EE-FE77C221B3B5}.Release|Any CPU.Build.0 = Release|Any CPU
	EndGlobalSection
	GlobalSection(SolutionProperties) = preSolution
		HideSolutionNode = FALSE
	EndGlobalSection
	GlobalSection(ExtensibilityGlobals) = postSolution
		SolutionGuid = {3C9B9B55-641E-4BDB-8713-DB9CD533E427}
	EndGlobalSection
EndGlobal
